
Microsoft Visual Studio Solution File, Format Version 12.00
# Visual Studio Version 17
VisualStudioVersion = 17.9.34723.18
MinimumVisualStudioVersion = 10.0.40219.1
Project("{FAE04EC0-301F-11D3-BF4B-00C04F79EFBC}") = "LibraryWebApp", "LibraryWebApp\LibraryWebApp.csproj", "{EB44A7F6-995F-4D34-95AE-BBEEEA315EE8}"
EndProject
Global
	GlobalSection(SolutionConfigurationPlatforms) = preSolution
		Debug|Any CPU = Debug|Any CPU
		Release|Any CPU = Release|Any CPU
	EndGlobalSection
	GlobalSection(ProjectConfigurationPlatforms) = postSolution
		{EB44A7F6-995F-4D34-95AE-BBEEEA315EE8}.Debug|Any CPU.ActiveCfg = Debug|Any CPU
		{EB44A7F6-995F-4D34-95AE-BBEEEA315EE8}.Debug|Any CPU.Build.0 = Debug|Any CPU
		{EB44A7F6-995F-4D34-95AE-BBEEEA315EE8}.Release|Any CPU.ActiveCfg = Release|Any CPU
		{EB44A7F6-995F-4D34-95AE-BBEEEA315EE8}.Release|Any CPU.Build.0 = Release|Any CPU
	EndGlobalSection
	GlobalSection(SolutionProperties) = preSolution
		HideSolutionNode = FALSE
	EndGlobalSection
	GlobalSection(ExtensibilityGlobals) = postSolution
		SolutionGuid = {647DEFC5-300F-42C3-9927-3F5C9D06AC53}
	EndGlobalSection
EndGlobal
